// !$*UTF8*$!
{
	archiveVersion = 1;
	classes = {
	};
	objectVersion = 55;
	objects = {

/* Begin PBXBuildFile section */
		05A3A2345E218BB710388000 /* Pods_TestTest.framework in Frameworks */ = {isa = PBXBuildFile; fileRef = B0D8B18D3D029D2DAFFA2416 /* Pods_TestTest.framework */; };
		146D9F092969CC1700AF574D /* AppDelegate.swift in Sources */ = {isa = PBXBuildFile; fileRef = 146D9F082969CC1700AF574D /* AppDelegate.swift */; };
		146D9F0B2969CC1700AF574D /* SceneDelegate.swift in Sources */ = {isa = PBXBuildFile; fileRef = 146D9F0A2969CC1700AF574D /* SceneDelegate.swift */; };
		146D9F102969CC1700AF574D /* Main.storyboard in Resources */ = {isa = PBXBuildFile; fileRef = 146D9F0E2969CC1700AF574D /* Main.storyboard */; };
		146D9F122969CC1800AF574D /* Assets.xcassets in Resources */ = {isa = PBXBuildFile; fileRef = 146D9F112969CC1800AF574D /* Assets.xcassets */; };
		146D9F152969CC1800AF574D /* LaunchScreen.storyboard in Resources */ = {isa = PBXBuildFile; fileRef = 146D9F132969CC1800AF574D /* LaunchScreen.storyboard */; };
		146D9F1D2969CED200AF574D /* OffersViewController.swift in Sources */ = {isa = PBXBuildFile; fileRef = 146D9F1C2969CED100AF574D /* OffersViewController.swift */; };
		146D9F1F2969CEDC00AF574D /* DetailViewController.swift in Sources */ = {isa = PBXBuildFile; fileRef = 146D9F1E2969CEDC00AF574D /* DetailViewController.swift */; };
		146D9F212969D59800AF574D /* Offer.swift in Sources */ = {isa = PBXBuildFile; fileRef = 146D9F202969D59800AF574D /* Offer.swift */; };
		146D9F232969D5A100AF574D /* Detail.swift in Sources */ = {isa = PBXBuildFile; fileRef = 146D9F222969D5A100AF574D /* Detail.swift */; };
		146D9F252969D6BD00AF574D /* Offers.swift in Sources */ = {isa = PBXBuildFile; fileRef = 146D9F242969D6BD00AF574D /* Offers.swift */; };
		14B1B76E296C134800642E5C /* UIFont+extensions.swift in Sources */ = {isa = PBXBuildFile; fileRef = 14B1B76D296C134800642E5C /* UIFont+extensions.swift */; };
		14CC25EA296DA7AA00A77331 /* Offerzz.swift in Sources */ = {isa = PBXBuildFile; fileRef = 14CC25E9296DA7AA00A77331 /* Offerzz.swift */; };
		14EAF07A296B567F00AA2975 /* OffersCell.swift in Sources */ = {isa = PBXBuildFile; fileRef = 14EAF079296B567F00AA2975 /* OffersCell.swift */; };
/* End PBXBuildFile section */

/* Begin PBXFileReference section */
		0C36837CF9BE2535919CC4EB /* Pods-TestTest.release.xcconfig */ = {isa = PBXFileReference; includeInIndex = 1; lastKnownFileType = text.xcconfig; name = "Pods-TestTest.release.xcconfig"; path = "Target Support Files/Pods-TestTest/Pods-TestTest.release.xcconfig"; sourceTree = "<group>"; };
		0F8D684167EF070B9CCB126E /* Pods-TestTest.debug.xcconfig */ = {isa = PBXFileReference; includeInIndex = 1; lastKnownFileType = text.xcconfig; name = "Pods-TestTest.debug.xcconfig"; path = "Target Support Files/Pods-TestTest/Pods-TestTest.debug.xcconfig"; sourceTree = "<group>"; };
		146D9F052969CC1700AF574D /* TestTest.app */ = {isa = PBXFileReference; explicitFileType = wrapper.application; includeInIndex = 0; path = TestTest.app; sourceTree = BUILT_PRODUCTS_DIR; };
		146D9F082969CC1700AF574D /* AppDelegate.swift */ = {isa = PBXFileReference; lastKnownFileType = sourcecode.swift; path = AppDelegate.swift; sourceTree = "<group>"; };
		146D9F0A2969CC1700AF574D /* SceneDelegate.swift */ = {isa = PBXFileReference; lastKnownFileType = sourcecode.swift; path = SceneDelegate.swift; sourceTree = "<group>"; };
		146D9F0F2969CC1700AF574D /* Base */ = {isa = PBXFileReference; lastKnownFileType = file.storyboard; name = Base; path = Base.lproj/Main.storyboard; sourceTree = "<group>"; };
		146D9F112969CC1800AF574D /* Assets.xcassets */ = {isa = PBXFileReference; lastKnownFileType = folder.assetcatalog; path = Assets.xcassets; sourceTree = "<group>"; };
		146D9F142969CC1800AF574D /* Base */ = {isa = PBXFileReference; lastKnownFileType = file.storyboard; name = Base; path = Base.lproj/LaunchScreen.storyboard; sourceTree = "<group>"; };
		146D9F162969CC1800AF574D /* Info.plist */ = {isa = PBXFileReference; lastKnownFileType = text.plist.xml; path = Info.plist; sourceTree = "<group>"; };
		146D9F1C2969CED100AF574D /* OffersViewController.swift */ = {isa = PBXFileReference; lastKnownFileType = sourcecode.swift; path = OffersViewController.swift; sourceTree = "<group>"; };
		146D9F1E2969CEDC00AF574D /* DetailViewController.swift */ = {isa = PBXFileReference; lastKnownFileType = sourcecode.swift; path = DetailViewController.swift; sourceTree = "<group>"; };
		146D9F202969D59800AF574D /* Offer.swift */ = {isa = PBXFileReference; lastKnownFileType = sourcecode.swift; path = Offer.swift; sourceTree = "<group>"; };
		146D9F222969D5A100AF574D /* Detail.swift */ = {isa = PBXFileReference; lastKnownFileType = sourcecode.swift; path = Detail.swift; sourceTree = "<group>"; };
		146D9F242969D6BD00AF574D /* Offers.swift */ = {isa = PBXFileReference; lastKnownFileType = sourcecode.swift; path = Offers.swift; sourceTree = "<group>"; };
		14B1B76D296C134800642E5C /* UIFont+extensions.swift */ = {isa = PBXFileReference; lastKnownFileType = sourcecode.swift; path = "UIFont+extensions.swift"; sourceTree = "<group>"; };
		14CC25E9296DA7AA00A77331 /* Offerzz.swift */ = {isa = PBXFileReference; lastKnownFileType = sourcecode.swift; path = Offerzz.swift; sourceTree = "<group>"; };
		14EAF079296B567F00AA2975 /* OffersCell.swift */ = {isa = PBXFileReference; lastKnownFileType = sourcecode.swift; path = OffersCell.swift; sourceTree = "<group>"; };
		B0D8B18D3D029D2DAFFA2416 /* Pods_TestTest.framework */ = {isa = PBXFileReference; explicitFileType = wrapper.framework; includeInIndex = 0; path = Pods_TestTest.framework; sourceTree = BUILT_PRODUCTS_DIR; };
/* End PBXFileReference section */

/* Begin PBXFrameworksBuildPhase section */
		146D9F022969CC1700AF574D /* Frameworks */ = {
			isa = PBXFrameworksBuildPhase;
			buildActionMask = 2147483647;
			files = (
				05A3A2345E218BB710388000 /* Pods_TestTest.framework in Frameworks */,
			);
			runOnlyForDeploymentPostprocessing = 0;
		};
/* End PBXFrameworksBuildPhase section */

/* Begin PBXGroup section */
		146D9EFC2969CC1700AF574D = {
			isa = PBXGroup;
			children = (
				146D9F072969CC1700AF574D /* TestTest */,
				146D9F062969CC1700AF574D /* Products */,
				C425C7775083EA90319FBD57 /* Pods */,
				61BCDD454F06A4E1623D759E /* Frameworks */,
			);
			sourceTree = "<group>";
		};
		146D9F062969CC1700AF574D /* Products */ = {
			isa = PBXGroup;
			children = (
				146D9F052969CC1700AF574D /* TestTest.app */,
			);
			name = Products;
			sourceTree = "<group>";
		};
		146D9F072969CC1700AF574D /* TestTest */ = {
			isa = PBXGroup;
			children = (
				146D9F082969CC1700AF574D /* AppDelegate.swift */,
				146D9F0A2969CC1700AF574D /* SceneDelegate.swift */,
				14B1B76C296C132C00642E5C /* Helpers */,
				146D9F272969E24E00AF574D /* View */,
				146D9F262969E23300AF574D /* Model */,
				146D9F0E2969CC1700AF574D /* Main.storyboard */,
				146D9F112969CC1800AF574D /* Assets.xcassets */,
				146D9F132969CC1800AF574D /* LaunchScreen.storyboard */,
				146D9F162969CC1800AF574D /* Info.plist */,
			);
			path = TestTest;
			sourceTree = "<group>";
		};
		146D9F262969E23300AF574D /* Model */ = {
			isa = PBXGroup;
			children = (
				14CC25E8296DA78B00A77331 /* Network */,
				146D9F242969D6BD00AF574D /* Offers.swift */,
				146D9F202969D59800AF574D /* Offer.swift */,
				146D9F222969D5A100AF574D /* Detail.swift */,
			);
			path = Model;
			sourceTree = "<group>";
		};
		146D9F272969E24E00AF574D /* View */ = {
			isa = PBXGroup;
			children = (
				146D9F1C2969CED100AF574D /* OffersViewController.swift */,
				146D9F1E2969CEDC00AF574D /* DetailViewController.swift */,
				14EAF079296B567F00AA2975 /* OffersCell.swift */,
			);
			path = View;
			sourceTree = "<group>";
		};
		14B1B76C296C132C00642E5C /* Helpers */ = {
			isa = PBXGroup;
			children = (
				14B1B76D296C134800642E5C /* UIFont+extensions.swift */,
			);
			path = Helpers;
			sourceTree = "<group>";
		};
		14CC25E8296DA78B00A77331 /* Network */ = {
			isa = PBXGroup;
			children = (
				14CC25E9296DA7AA00A77331 /* Offerzz.swift */,
			);
			path = Network;
			sourceTree = "<group>";
		};
		61BCDD454F06A4E1623D759E /* Frameworks */ = {
			isa = PBXGroup;
			children = (
				B0D8B18D3D029D2DAFFA2416 /* Pods_TestTest.framework */,
			);
			name = Frameworks;
			sourceTree = "<group>";
		};
		C425C7775083EA90319FBD57 /* Pods */ = {
			isa = PBXGroup;
			children = (
				0F8D684167EF070B9CCB126E /* Pods-TestTest.debug.xcconfig */,
				0C36837CF9BE2535919CC4EB /* Pods-TestTest.release.xcconfig */,
			);
			path = Pods;
			sourceTree = "<group>";
		};
/* End PBXGroup section */

/* Begin PBXNativeTarget section */
		146D9F042969CC1700AF574D /* TestTest */ = {
			isa = PBXNativeTarget;
			buildConfigurationList = 146D9F192969CC1800AF574D /* Build configuration list for PBXNativeTarget "TestTest" */;
			buildPhases = (
				D1400256042770EA7867B65E /* [CP] Check Pods Manifest.lock */,
				146D9F012969CC1700AF574D /* Sources */,
				146D9F022969CC1700AF574D /* Frameworks */,
				146D9F032969CC1700AF574D /* Resources */,
				432927A8267E9E2304C8163A /* [CP] Embed Pods Frameworks */,
			);
			buildRules = (
			);
			dependencies = (
			);
			name = TestTest;
			productName = TestTest;
			productReference = 146D9F052969CC1700AF574D /* TestTest.app */;
			productType = "com.apple.product-type.application";
		};
/* End PBXNativeTarget section */

/* Begin PBXProject section */
		146D9EFD2969CC1700AF574D /* Project object */ = {
			isa = PBXProject;
			attributes = {
				BuildIndependentTargetsInParallel = 1;
				LastSwiftUpdateCheck = 1400;
				LastUpgradeCheck = 1400;
				TargetAttributes = {
					146D9F042969CC1700AF574D = {
						CreatedOnToolsVersion = 14.0.1;
					};
				};
			};
			buildConfigurationList = 146D9F002969CC1700AF574D /* Build configuration list for PBXProject "TestTest" */;
			compatibilityVersion = "Xcode 13.0";
			developmentRegion = en;
			hasScannedForEncodings = 0;
			knownRegions = (
				en,
				Base,
			);
			mainGroup = 146D9EFC2969CC1700AF574D;
			productRefGroup = 146D9F062969CC1700AF574D /* Products */;
			projectDirPath = "";
			projectRoot = "";
			targets = (
				146D9F042969CC1700AF574D /* TestTest */,
			);
		};
/* End PBXProject section */

/* Begin PBXResourcesBuildPhase section */
		146D9F032969CC1700AF574D /* Resources */ = {
			isa = PBXResourcesBuildPhase;
			buildActionMask = 2147483647;
			files = (
				146D9F152969CC1800AF574D /* LaunchScreen.storyboard in Resources */,
				146D9F122969CC1800AF574D /* Assets.xcassets in Resources */,
				146D9F102969CC1700AF574D /* Main.storyboard in Resources */,
			);
			runOnlyForDeploymentPostprocessing = 0;
		};
/* End PBXResourcesBuildPhase section */

/* Begin PBXShellScriptBuildPhase section */
		432927A8267E9E2304C8163A /* [CP] Embed Pods Frameworks */ = {
			isa = PBXShellScriptBuildPhase;
			buildActionMask = 2147483647;
			files = (
			);
			inputFileListPaths = (
				"${PODS_ROOT}/Target Support Files/Pods-TestTest/Pods-TestTest-frameworks-${CONFIGURATION}-input-files.xcfilelist",
			);
			name = "[CP] Embed Pods Frameworks";
			outputFileListPaths = (
				"${PODS_ROOT}/Target Support Files/Pods-TestTest/Pods-TestTest-frameworks-${CONFIGURATION}-output-files.xcfilelist",
			);
			runOnlyForDeploymentPostprocessing = 0;
			shellPath = /bin/sh;
			shellScript = "\"${PODS_ROOT}/Target Support Files/Pods-TestTest/Pods-TestTest-frameworks.sh\"\n";
			showEnvVarsInLog = 0;
		};
		D1400256042770EA7867B65E /* [CP] Check Pods Manifest.lock */ = {
			isa = PBXShellScriptBuildPhase;
			buildActionMask = 2147483647;
			files = (
			);
			inputFileListPaths = (
			);
			inputPaths = (
				"${PODS_PODFILE_DIR_PATH}/Podfile.lock",
				"${PODS_ROOT}/Manifest.lock",
			);
			name = "[CP] Check Pods Manifest.lock";
			outputFileListPaths = (
			);
			outputPaths = (
				"$(DERIVED_FILE_DIR)/Pods-TestTest-checkManifestLockResult.txt",
			);
			runOnlyForDeploymentPostprocessing = 0;
			shellPath = /bin/sh;
			shellScript = "diff \"${PODS_PODFILE_DIR_PATH}/Podfile.lock\" \"${PODS_ROOT}/Manifest.lock\" > /dev/null\nif [ $? != 0 ] ; then\n    # print error to STDERR\n    echo \"error: The sandbox is not in sync with the Podfile.lock. Run 'pod install' or update your CocoaPods installation.\" >&2\n    exit 1\nfi\n# This output is used by Xcode 'outputs' to avoid re-running this script phase.\necho \"SUCCESS\" > \"${SCRIPT_OUTPUT_FILE_0}\"\n";
			showEnvVarsInLog = 0;
		};
/* End PBXShellScriptBuildPhase section */

/* Begin PBXSourcesBuildPhase section */
		146D9F012969CC1700AF574D /* Sources */ = {
			isa = PBXSourcesBuildPhase;
			buildActionMask = 2147483647;
			files = (
				146D9F212969D59800AF574D /* Offer.swift in Sources */,
				14B1B76E296C134800642E5C /* UIFont+extensions.swift in Sources */,
				146D9F232969D5A100AF574D /* Detail.swift in Sources */,
				146D9F1D2969CED200AF574D /* OffersViewController.swift in Sources */,
				146D9F252969D6BD00AF574D /* Offers.swift in Sources */,
				14EAF07A296B567F00AA2975 /* OffersCell.swift in Sources */,
				14CC25EA296DA7AA00A77331 /* Offerzz.swift in Sources */,
				146D9F1F2969CEDC00AF574D /* DetailViewController.swift in Sources */,
				146D9F092969CC1700AF574D /* AppDelegate.swift in Sources */,
				146D9F0B2969CC1700AF574D /* SceneDelegate.swift in Sources */,
			);
			runOnlyForDeploymentPostprocessing = 0;
		};
/* End PBXSourcesBuildPhase section */

/* Begin PBXVariantGroup section */
		146D9F0E2969CC1700AF574D /* Main.storyboard */ = {
			isa = PBXVariantGroup;
			children = (
				146D9F0F2969CC1700AF574D /* Base */,
			);
			name = Main.storyboard;
			sourceTree = "<group>";
		};
		146D9F132969CC1800AF574D /* LaunchScreen.storyboard */ = {
			isa = PBXVariantGroup;
			children = (
				146D9F142969CC1800AF574D /* Base */,
			);
			name = LaunchScreen.storyboard;
			sourceTree = "<group>";
		};
/* End PBXVariantGroup section */

/* Begin XCBuildConfiguration section */
		146D9F172969CC1800AF574D /* Debug */ = {
			isa = XCBuildConfiguration;
			buildSettings = {
				ALWAYS_SEARCH_USER_PATHS = NO;
				CLANG_ANALYZER_NONNULL = YES;
				CLANG_ANALYZER_NUMBER_OBJECT_CONVERSION = YES_AGGRESSIVE;
				CLANG_CXX_LANGUAGE_STANDARD = "gnu++20";
				CLANG_ENABLE_MODULES = YES;
				CLANG_ENABLE_OBJC_ARC = YES;
				CLANG_ENABLE_OBJC_WEAK = YES;
				CLANG_WARN_BLOCK_CAPTURE_AUTORELEASING = YES;
				CLANG_WARN_BOOL_CONVERSION = YES;
				CLANG_WARN_COMMA = YES;
				CLANG_WARN_CONSTANT_CONVERSION = YES;
				CLANG_WARN_DEPRECATED_OBJC_IMPLEMENTATIONS = YES;
				CLANG_WARN_DIRECT_OBJC_ISA_USAGE = YES_ERROR;
				CLANG_WARN_DOCUMENTATION_COMMENTS = YES;
				CLANG_WARN_EMPTY_BODY = YES;
				CLANG_WARN_ENUM_CONVERSION = YES;
				CLANG_WARN_INFINITE_RECURSION = YES;
				CLANG_WARN_INT_CONVERSION = YES;
				CLANG_WARN_NON_LITERAL_NULL_CONVERSION = YES;
				CLANG_WARN_OBJC_IMPLICIT_RETAIN_SELF = YES;
				CLANG_WARN_OBJC_LITERAL_CONVERSION = YES;
				CLANG_WARN_OBJC_ROOT_CLASS = YES_ERROR;
				CLANG_WARN_QUOTED_INCLUDE_IN_FRAMEWORK_HEADER = YES;
				CLANG_WARN_RANGE_LOOP_ANALYSIS = YES;
				CLANG_WARN_STRICT_PROTOTYPES = YES;
				CLANG_WARN_SUSPICIOUS_MOVE = YES;
				CLANG_WARN_UNGUARDED_AVAILABILITY = YES_AGGRESSIVE;
				CLANG_WARN_UNREACHABLE_CODE = YES;
				CLANG_WARN__DUPLICATE_METHOD_MATCH = YES;
				COPY_PHASE_STRIP = NO;
				DEBUG_INFORMATION_FORMAT = dwarf;
				ENABLE_STRICT_OBJC_MSGSEND = YES;
				ENABLE_TESTABILITY = YES;
				GCC_C_LANGUAGE_STANDARD = gnu11;
				GCC_DYNAMIC_NO_PIC = NO;
				GCC_NO_COMMON_BLOCKS = YES;
				GCC_OPTIMIZATION_LEVEL = 0;
				GCC_PREPROCESSOR_DEFINITIONS = (
					"DEBUG=1",
					"$(inherited)",
				);
				GCC_WARN_64_TO_32_BIT_CONVERSION = YES;
				GCC_WARN_ABOUT_RETURN_TYPE = YES_ERROR;
				GCC_WARN_UNDECLARED_SELECTOR = YES;
				GCC_WARN_UNINITIALIZED_AUTOS = YES_AGGRESSIVE;
				GCC_WARN_UNUSED_FUNCTION = YES;
				GCC_WARN_UNUSED_VARIABLE = YES;
				IPHONEOS_DEPLOYMENT_TARGET = 16.0;
				MTL_ENABLE_DEBUG_INFO = INCLUDE_SOURCE;
				MTL_FAST_MATH = YES;
				ONLY_ACTIVE_ARCH = YES;
				SDKROOT = iphoneos;
				SWIFT_ACTIVE_COMPILATION_CONDITIONS = DEBUG;
				SWIFT_OPTIMIZATION_LEVEL = "-Onone";
			};
			name = Debug;
		};
		146D9F182969CC1800AF574D /* Release */ = {
			isa = XCBuildConfiguration;
			buildSettings = {
				ALWAYS_SEARCH_USER_PATHS = NO;
				CLANG_ANALYZER_NONNULL = YES;
				CLANG_ANALYZER_NUMBER_OBJECT_CONVERSION = YES_AGGRESSIVE;
				CLANG_CXX_LANGUAGE_STANDARD = "gnu++20";
				CLANG_ENABLE_MODULES = YES;
				CLANG_ENABLE_OBJC_ARC = YES;
				CLANG_ENABLE_OBJC_WEAK = YES;
				CLANG_WARN_BLOCK_CAPTURE_AUTORELEASING = YES;
				CLANG_WARN_BOOL_CONVERSION = YES;
				CLANG_WARN_COMMA = YES;
				CLANG_WARN_CONSTANT_CONVERSION = YES;
				CLANG_WARN_DEPRECATED_OBJC_IMPLEMENTATIONS = YES;
				CLANG_WARN_DIRECT_OBJC_ISA_USAGE = YES_ERROR;
				CLANG_WARN_DOCUMENTATION_COMMENTS = YES;
				CLANG_WARN_EMPTY_BODY = YES;
				CLANG_WARN_ENUM_CONVERSION = YES;
				CLANG_WARN_INFINITE_RECURSION = YES;
				CLANG_WARN_INT_CONVERSION = YES;
				CLANG_WARN_NON_LITERAL_NULL_CONVERSION = YES;
				CLANG_WARN_OBJC_IMPLICIT_RETAIN_SELF = YES;
				CLANG_WARN_OBJC_LITERAL_CONVERSION = YES;
				CLANG_WARN_OBJC_ROOT_CLASS = YES_ERROR;
				CLANG_WARN_QUOTED_INCLUDE_IN_FRAMEWORK_HEADER = YES;
				CLANG_WARN_RANGE_LOOP_ANALYSIS = YES;
				CLANG_WARN_STRICT_PROTOTYPES = YES;
				CLANG_WARN_SUSPICIOUS_MOVE = YES;
				CLANG_WARN_UNGUARDED_AVAILABILITY = YES_AGGRESSIVE;
				CLANG_WARN_UNREACHABLE_CODE = YES;
				CLANG_WARN__DUPLICATE_METHOD_MATCH = YES;
				COPY_PHASE_STRIP = NO;
				DEBUG_INFORMATION_FORMAT = "dwarf-with-dsym";
				ENABLE_NS_ASSERTIONS = NO;
				ENABLE_STRICT_OBJC_MSGSEND = YES;
				GCC_C_LANGUAGE_STANDARD = gnu11;
				GCC_NO_COMMON_BLOCKS = YES;
				GCC_WARN_64_TO_32_BIT_CONVERSION = YES;
				GCC_WARN_ABOUT_RETURN_TYPE = YES_ERROR;
				GCC_WARN_UNDECLARED_SELECTOR = YES;
				GCC_WARN_UNINITIALIZED_AUTOS = YES_AGGRESSIVE;
				GCC_WARN_UNUSED_FUNCTION = YES;
				GCC_WARN_UNUSED_VARIABLE = YES;
				IPHONEOS_DEPLOYMENT_TARGET = 16.0;
				MTL_ENABLE_DEBUG_INFO = NO;
				MTL_FAST_MATH = YES;
				SDKROOT = iphoneos;
				SWIFT_COMPILATION_MODE = wholemodule;
				SWIFT_OPTIMIZATION_LEVEL = "-O";
				VALIDATE_PRODUCT = YES;
			};
			name = Release;
		};
		146D9F1A2969CC1800AF574D /* Debug */ = {
			isa = XCBuildConfiguration;
			baseConfigurationReference = 0F8D684167EF070B9CCB126E /* Pods-TestTest.debug.xcconfig */;
			buildSettings = {
				ASSETCATALOG_COMPILER_APPICON_NAME = AppIcon;
				ASSETCATALOG_COMPILER_GLOBAL_ACCENT_COLOR_NAME = AccentColor;
				CODE_SIGN_STYLE = Automatic;
				CURRENT_PROJECT_VERSION = 1;
				DEVELOPMENT_TEAM = DP687Z5DR7;
				GENERATE_INFOPLIST_FILE = YES;
				INFOPLIST_FILE = TestTest/Info.plist;
				INFOPLIST_KEY_UIApplicationSupportsIndirectInputEvents = YES;
				INFOPLIST_KEY_UILaunchStoryboardName = LaunchScreen;
				INFOPLIST_KEY_UIMainStoryboardFile = Main;
				INFOPLIST_KEY_UISupportedInterfaceOrientations_iPad = "UIInterfaceOrientationPortrait UIInterfaceOrientationPortraitUpsideDown UIInterfaceOrientationLandscapeLeft UIInterfaceOrientationLandscapeRight";
				INFOPLIST_KEY_UISupportedInterfaceOrientations_iPhone = "UIInterfaceOrientationPortrait UIInterfaceOrientationLandscapeLeft UIInterfaceOrientationLandscapeRight";
				IPHONEOS_DEPLOYMENT_TARGET = 12.0;
				LD_RUNPATH_SEARCH_PATHS = (
					"$(inherited)",
					"@executable_path/Frameworks",
				);
				MARKETING_VERSION = 1.0;
				PRODUCT_BUNDLE_IDENTIFIER = com.meszkris.TestTest;
				PRODUCT_NAME = "$(TARGET_NAME)";
				SUPPORTED_PLATFORMS = "iphoneos iphonesimulator";
				SUPPORTS_MACCATALYST = NO;
				SUPPORTS_MAC_DESIGNED_FOR_IPHONE_IPAD = NO;
				SWIFT_EMIT_LOC_STRINGS = YES;
				SWIFT_VERSION = 5.0;
				TARGETED_DEVICE_FAMILY = 1;
			};
			name = Debug;
		};
		146D9F1B2969CC1800AF574D /* Release */ = {
			isa = XCBuildConfiguration;
			baseConfigurationReference = 0C36837CF9BE2535919CC4EB /* Pods-TestTest.release.xcconfig */;
			buildSettings = {
				ASSETCATALOG_COMPILER_APPICON_NAME = AppIcon;
				ASSETCATALOG_COMPILER_GLOBAL_ACCENT_COLOR_NAME = AccentColor;
				CODE_SIGN_STYLE = Automatic;
				CURRENT_PROJECT_VERSION = 1;
				DEVELOPMENT_TEAM = DP687Z5DR7;
				GENERATE_INFOPLIST_FILE = YES;
				INFOPLIST_FILE = TestTest/Info.plist;
				INFOPLIST_KEY_UIApplicationSupportsIndirectInputEvents = YES;
				INFOPLIST_KEY_UILaunchStoryboardName = LaunchScreen;
				INFOPLIST_KEY_UIMainStoryboardFile = Main;
				INFOPLIST_KEY_UISupportedInterfaceOrientations_iPad = "UIInterfaceOrientationPortrait UIInterfaceOrientationPortraitUpsideDown UIInterfaceOrientationLandscapeLeft UIInterfaceOrientationLandscapeRight";
				INFOPLIST_KEY_UISupportedInterfaceOrientations_iPhone = "UIInterfaceOrientationPortrait UIInterfaceOrientationLandscapeLeft UIInterfaceOrientationLandscapeRight";
				IPHONEOS_DEPLOYMENT_TARGET = 12.0;
				LD_RUNPATH_SEARCH_PATHS = (
					"$(inherited)",
					"@executable_path/Frameworks",
				);
				MARKETING_VERSION = 1.0;
				PRODUCT_BUNDLE_IDENTIFIER = com.meszkris.TestTest;
				PRODUCT_NAME = "$(TARGET_NAME)";
				SUPPORTED_PLATFORMS = "iphoneos iphonesimulator";
				SUPPORTS_MACCATALYST = NO;
				SUPPORTS_MAC_DESIGNED_FOR_IPHONE_IPAD = NO;
				SWIFT_EMIT_LOC_STRINGS = YES;
				SWIFT_VERSION = 5.0;
				TARGETED_DEVICE_FAMILY = 1;
			};
			name = Release;
		};
/* End XCBuildConfiguration section */

/* Begin XCConfigurationList section */
		146D9F002969CC1700AF574D /* Build configuration list for PBXProject "TestTest" */ = {
			isa = XCConfigurationList;
			buildConfigurations = (
				146D9F172969CC1800AF574D /* Debug */,
				146D9F182969CC1800AF574D /* Release */,
			);
			defaultConfigurationIsVisible = 0;
			defaultConfigurationName = Release;
		};
		146D9F192969CC1800AF574D /* Build configuration list for PBXNativeTarget "TestTest" */ = {
			isa = XCConfigurationList;
			buildConfigurations = (
				146D9F1A2969CC1800AF574D /* Debug */,
				146D9F1B2969CC1800AF574D /* Release */,
			);
			defaultConfigurationIsVisible = 0;
			defaultConfigurationName = Release;
		};
/* End XCConfigurationList section */
	};
	rootObject = 146D9EFD2969CC1700AF574D /* Project object */;
}
